
Microsoft Visual Studio Solution File, Format Version 12.00
# Visual Studio Version 17
VisualStudioVersion = 17.11.35303.130
MinimumVisualStudioVersion = 10.0.40219.1
Project("{FAE04EC0-301F-11D3-BF4B-00C04F79EFBC}") = "Lesson 3", "Lesson 3\Lesson 3.csproj", "{8DE725FA-CEA1-43F0-8000-8C9ED31FCB07}"
EndProject
Global
	GlobalSection(SolutionConfigurationPlatforms) = preSolution
		Debug|Any CPU = Debug|Any CPU
		Release|Any CPU = Release|Any CPU
	EndGlobalSection
	GlobalSection(ProjectConfigurationPlatforms) = postSolution
		{8DE725FA-CEA1-43F0-8000-8C9ED31FCB07}.Debug|Any CPU.ActiveCfg = Debug|Any CPU
		{8DE725FA-CEA1-43F0-8000-8C9ED31FCB07}.Debug|Any CPU.Build.0 = Debug|Any CPU
		{8DE725FA-CEA1-43F0-8000-8C9ED31FCB07}.Release|Any CPU.ActiveCfg = Release|Any CPU
		{8DE725FA-CEA1-43F0-8000-8C9ED31FCB07}.Release|Any CPU.Build.0 = Release|Any CPU
	EndGlobalSection
	GlobalSection(SolutionProperties) = preSolution
		HideSolutionNode = FALSE
	EndGlobalSection
	GlobalSection(ExtensibilityGlobals) = postSolution
		SolutionGuid = {B4A7601C-587C-441B-9772-2D4212CEB887}
	EndGlobalSection
EndGlobal
